# This file was autogenerated by uv via the following command:
#    uv pip compile pyproject.toml -o requirements.lock
aiohappyeyeballs==2.6.1
    # via aiohttp
aiohttp==3.11.18
    # via
    #   langchain
    #   langchain-community
aiosignal==1.3.2
    # via aiohttp
annotated-types==0.7.0
    # via pydantic
anyio==4.9.0
    # via
    #   httpx
    #   openai
attrs==25.3.0
    # via aiohttp
certifi==2025.4.26
    # via
    #   httpcore
    #   httpx
    #   requests
charset-normalizer==3.4.2
    # via requests
contourpy==1.3.2
    # via matplotlib
cycler==0.12.1
    # via matplotlib
dataclasses-json==0.6.7
    # via
    #   langchain
    #   langchain-community
distro==1.9.0
    # via openai
fonttools==4.57.0
    # via matplotlib
frozenlist==1.6.0
    # via
    #   aiohttp
    #   aiosignal
greenlet==3.2.1
    # via sqlalchemy
h11==0.16.0
    # via httpcore
httpcore==1.0.9
    # via httpx
httpx==0.28.1
    # via
    #   langsmith
    #   openai
    #   tavily-python
idna==3.10
    # via
    #   anyio
    #   httpx
    #   requests
    #   yarl
jiter==0.9.0
    # via openai
jsonpatch==1.33
    # via langchain-core
jsonpointer==3.0.0
    # via jsonpatch
kiwisolver==1.4.8
    # via matplotlib
langchain==0.1.20
    # via langgraph-midjourney-project (pyproject.toml)
langchain-community==0.0.38
    # via langchain
langchain-core==0.1.53
    # via
    #   langchain
    #   langchain-community
    #   langchain-openai
    #   langchain-text-splitters
    #   langgraph
langchain-openai==0.1.7
    # via langgraph-midjourney-project (pyproject.toml)
langchain-text-splitters==0.0.2
    # via langchain
langgraph==0.0.51
    # via langgraph-midjourney-project (pyproject.toml)
langsmith==0.1.147
    # via
    #   langchain
    #   langchain-community
    #   langchain-core
marshmallow==3.26.1
    # via dataclasses-json
matplotlib==3.10.1
    # via langgraph-midjourney-project (pyproject.toml)
multidict==6.4.3
    # via
    #   aiohttp
    #   yarl
mypy-extensions==1.1.0
    # via typing-inspect
numpy==1.26.4
    # via
    #   contourpy
    #   langchain
    #   langchain-community
    #   matplotlib
openai==1.77.0
    # via langchain-openai
orjson==3.10.18
    # via langsmith
packaging==23.2
    # via
    #   langchain-core
    #   marshmallow
    #   matplotlib
pillow==11.2.1
    # via
    #   langgraph-midjourney-project (pyproject.toml)
    #   matplotlib
propcache==0.3.1
    # via
    #   aiohttp
    #   yarl
pydantic==2.11.4
    # via
    #   langchain
    #   langchain-core
    #   langsmith
    #   openai
pydantic-core==2.33.2
    # via pydantic
pygraphviz==1.14
    # via langgraph-midjourney-project (pyproject.toml)
pyparsing==3.2.3
    # via matplotlib
python-dateutil==2.9.0.post0
    # via matplotlib
python-dotenv==1.1.0
    # via langgraph-midjourney-project (pyproject.toml)
pyyaml==6.0.2
    # via
    #   langchain
    #   langchain-community
    #   langchain-core
regex==2024.11.6
    # via tiktoken
requests==2.32.3
    # via
    #   langgraph-midjourney-project (pyproject.toml)
    #   langchain
    #   langchain-community
    #   langsmith
    #   requests-toolbelt
    #   tavily-python
    #   tiktoken
requests-toolbelt==1.0.0
    # via langsmith
six==1.17.0
    # via python-dateutil
sniffio==1.3.1
    # via
    #   anyio
    #   openai
sqlalchemy==2.0.40
    # via
    #   langchain
    #   langchain-community
tavily-python==0.3.9
    # via langgraph-midjourney-project (pyproject.toml)
tenacity==8.5.0
    # via
    #   langchain
    #   langchain-community
    #   langchain-core
tiktoken==0.9.0
    # via
    #   langchain-openai
    #   tavily-python
tqdm==4.67.1
    # via openai
typing-extensions==4.13.2
    # via
    #   anyio
    #   openai
    #   pydantic
    #   pydantic-core
    #   sqlalchemy
    #   typing-inspect
    #   typing-inspection
typing-inspect==0.9.0
    # via dataclasses-json
typing-inspection==0.4.0
    # via pydantic
urllib3==2.4.0
    # via requests
uuid6==2024.7.10
    # via langgraph
yarl==1.20.0
    # via aiohttp
